
Microsoft Visual Studio Solution File, Format Version 12.00
# Visual Studio Version 16
VisualStudioVersion = 16.6.30114.105
MinimumVisualStudioVersion = 10.0.40219.1
Project("{FAE04EC0-301F-11D3-BF4B-00C04F79EFBC}") = "R5T.D0085.Construction", "R5T.D0085.Construction\R5T.D0085.Construction.csproj", "{097A2D5D-0F30-48E2-AD7C-FD020015CF9C}"
EndProject
Project("{2150E333-8FDC-42A3-9474-1A3956D46DE8}") = "_Dependencies", "_Dependencies", "{9DCADC97-7F6C-4679-9B2A-B46896EE4C40}"
EndProject
Project("{FAE04EC0-301F-11D3-BF4B-00C04F79EFBC}") = "R5T.Plymouth.ProgramAsAService", "..\..\R5T.Plymouth\source\R5T.Plymouth.ProgramAsAService\R5T.Plymouth.ProgramAsAService.csproj", "{7012E422-1C8D-4467-89E4-04F8EB4371B2}"
EndProject
Project("{FAE04EC0-301F-11D3-BF4B-00C04F79EFBC}") = "R5T.T0027.T009", "..\..\R5T.T0027\source\R5T.T0027.T009\R5T.T0027.T009.csproj", "{532934C0-C384-4195-9FF3-661EE064BDE0}"
EndProject
Project("{FAE04EC0-301F-11D3-BF4B-00C04F79EFBC}") = "R5T.D0085.I001", "R5T.D0085.I001\R5T.D0085.I001.csproj", "{80CCFC46-AA73-4FB9-B6C2-1989E3019922}"
EndProject
Project("{FAE04EC0-301F-11D3-BF4B-00C04F79EFBC}") = "R5T.D0085.Base", "R5T.D0085.Base\R5T.D0085.Base.csproj", "{EC09708E-976B-457D-9459-1EDD3B6CBDAD}"
EndProject
Project("{FAE04EC0-301F-11D3-BF4B-00C04F79EFBC}") = "R5T.Dacia.Extensions", "..\..\R5T.Dacia.Extensions\source\R5T.Dacia.Extensions\R5T.Dacia.Extensions.csproj", "{BBDD43CC-DC77-47C9-A029-2DE91E99588B}"
EndProject
Project("{FAE04EC0-301F-11D3-BF4B-00C04F79EFBC}") = "R5T.Dacia.T002", "..\..\R5T.Dacia\source\R5T.Dacia.T002\R5T.Dacia.T002.csproj", "{B5836635-DBE0-4BEE-9476-14A150C0E520}"
EndProject
Global
	GlobalSection(SolutionConfigurationPlatforms) = preSolution
		Debug|Any CPU = Debug|Any CPU
		Debug|x64 = Debug|x64
		Debug|x86 = Debug|x86
		Release|Any CPU = Release|Any CPU
		Release|x64 = Release|x64
		Release|x86 = Release|x86
	EndGlobalSection
	GlobalSection(SolutionProperties) = preSolution
		HideSolutionNode = FALSE
	EndGlobalSection
	GlobalSection(ProjectConfigurationPlatforms) = postSolution
		{097A2D5D-0F30-48E2-AD7C-FD020015CF9C}.Debug|Any CPU.ActiveCfg = Debug|Any CPU
		{097A2D5D-0F30-48E2-AD7C-FD020015CF9C}.Debug|Any CPU.Build.0 = Debug|Any CPU
		{097A2D5D-0F30-48E2-AD7C-FD020015CF9C}.Debug|x64.ActiveCfg = Debug|Any CPU
		{097A2D5D-0F30-48E2-AD7C-FD020015CF9C}.Debug|x64.Build.0 = Debug|Any CPU
		{097A2D5D-0F30-48E2-AD7C-FD020015CF9C}.Debug|x86.ActiveCfg = Debug|Any CPU
		{097A2D5D-0F30-48E2-AD7C-FD020015CF9C}.Debug|x86.Build.0 = Debug|Any CPU
		{097A2D5D-0F30-48E2-AD7C-FD020015CF9C}.Release|Any CPU.ActiveCfg = Release|Any CPU
		{097A2D5D-0F30-48E2-AD7C-FD020015CF9C}.Release|Any CPU.Build.0 = Release|Any CPU
		{097A2D5D-0F30-48E2-AD7C-FD020015CF9C}.Release|x64.ActiveCfg = Release|Any CPU
		{097A2D5D-0F30-48E2-AD7C-FD020015CF9C}.Release|x64.Build.0 = Release|Any CPU
		{097A2D5D-0F30-48E2-AD7C-FD020015CF9C}.Release|x86.ActiveCfg = Release|Any CPU
		{097A2D5D-0F30-48E2-AD7C-FD020015CF9C}.Release|x86.Build.0 = Release|Any CPU
		{7012E422-1C8D-4467-89E4-04F8EB4371B2}.Debug|Any CPU.ActiveCfg = Debug|Any CPU
		{7012E422-1C8D-4467-89E4-04F8EB4371B2}.Debug|Any CPU.Build.0 = Debug|Any CPU
		{7012E422-1C8D-4467-89E4-04F8EB4371B2}.Debug|x64.ActiveCfg = Debug|Any CPU
		{7012E422-1C8D-4467-89E4-04F8EB4371B2}.Debug|x64.Build.0 = Debug|Any CPU
		{7012E422-1C8D-4467-89E4-04F8EB4371B2}.Debug|x86.ActiveCfg = Debug|Any CPU
		{7012E422-1C8D-4467-89E4-04F8EB4371B2}.Debug|x86.Build.0 = Debug|Any CPU
		{7012E422-1C8D-4467-89E4-04F8EB4371B2}.Release|Any CPU.ActiveCfg = Release|Any CPU
		{7012E422-1C8D-4467-89E4-04F8EB4371B2}.Release|Any CPU.Build.0 = Release|Any CPU
		{7012E422-1C8D-4467-89E4-04F8EB4371B2}.Release|x64.ActiveCfg = Release|Any CPU
		{7012E422-1C8D-4467-89E4-04F8EB4371B2}.Release|x64.Build.0 = Release|Any CPU
		{7012E422-1C8D-4467-89E4-04F8EB4371B2}.Release|x86.ActiveCfg = Release|Any CPU
		{7012E422-1C8D-4467-89E4-04F8EB4371B2}.Release|x86.Build.0 = Release|Any CPU
		{532934C0-C384-4195-9FF3-661EE064BDE0}.Debug|Any CPU.ActiveCfg = Debug|Any CPU
		{532934C0-C384-4195-9FF3-661EE064BDE0}.Debug|Any CPU.Build.0 = Debug|Any CPU
		{532934C0-C384-4195-9FF3-661EE064BDE0}.Debug|x64.ActiveCfg = Debug|Any CPU
		{532934C0-C384-4195-9FF3-661EE064BDE0}.Debug|x64.Build.0 = Debug|Any CPU
		{532934C0-C384-4195-9FF3-661EE064BDE0}.Debug|x86.ActiveCfg = Debug|Any CPU
		{532934C0-C384-4195-9FF3-661EE064BDE0}.Debug|x86.Build.0 = Debug|Any CPU
		{532934C0-C384-4195-9FF3-661EE064BDE0}.Release|Any CPU.ActiveCfg = Release|Any CPU
		{532934C0-C384-4195-9FF3-661EE064BDE0}.Release|Any CPU.Build.0 = Release|Any CPU
		{532934C0-C384-4195-9FF3-661EE064BDE0}.Release|x64.ActiveCfg = Release|Any CPU
		{532934C0-C384-4195-9FF3-661EE064BDE0}.Release|x64.Build.0 = Release|Any CPU
		{532934C0-C384-4195-9FF3-661EE064BDE0}.Release|x86.ActiveCfg = Release|Any CPU
		{532934C0-C384-4195-9FF3-661EE064BDE0}.Release|x86.Build.0 = Release|Any CPU
		{80CCFC46-AA73-4FB9-B6C2-1989E3019922}.Debug|Any CPU.ActiveCfg = Debug|Any CPU
		{80CCFC46-AA73-4FB9-B6C2-1989E3019922}.Debug|Any CPU.Build.0 = Debug|Any CPU
		{80CCFC46-AA73-4FB9-B6C2-1989E3019922}.Debug|x64.ActiveCfg = Debug|Any CPU
		{80CCFC46-AA73-4FB9-B6C2-1989E3019922}.Debug|x64.Build.0 = Debug|Any CPU
		{80CCFC46-AA73-4FB9-B6C2-1989E3019922}.Debug|x86.ActiveCfg = Debug|Any CPU
		{80CCFC46-AA73-4FB9-B6C2-1989E3019922}.Debug|x86.Build.0 = Debug|Any CPU
		{80CCFC46-AA73-4FB9-B6C2-1989E3019922}.Release|Any CPU.ActiveCfg = Release|Any CPU
		{80CCFC46-AA73-4FB9-B6C2-1989E3019922}.Release|Any CPU.Build.0 = Release|Any CPU
		{80CCFC46-AA73-4FB9-B6C2-1989E3019922}.Release|x64.ActiveCfg = Release|Any CPU
		{80CCFC46-AA73-4FB9-B6C2-1989E3019922}.Release|x64.Build.0 = Release|Any CPU
		{80CCFC46-AA73-4FB9-B6C2-1989E3019922}.Release|x86.ActiveCfg = Release|Any CPU
		{80CCFC46-AA73-4FB9-B6C2-1989E3019922}.Release|x86.Build.0 = Release|Any CPU
		{EC09708E-976B-457D-9459-1EDD3B6CBDAD}.Debug|Any CPU.ActiveCfg = Debug|Any CPU
		{EC09708E-976B-457D-9459-1EDD3B6CBDAD}.Debug|Any CPU.Build.0 = Debug|Any CPU
		{EC09708E-976B-457D-9459-1EDD3B6CBDAD}.Debug|x64.ActiveCfg = Debug|Any CPU
		{EC09708E-976B-457D-9459-1EDD3B6CBDAD}.Debug|x64.Build.0 = Debug|Any CPU
		{EC09708E-976B-457D-9459-1EDD3B6CBDAD}.Debug|x86.ActiveCfg = Debug|Any CPU
		{EC09708E-976B-457D-9459-1EDD3B6CBDAD}.Debug|x86.Build.0 = Debug|Any CPU
		{EC09708E-976B-457D-9459-1EDD3B6CBDAD}.Release|Any CPU.ActiveCfg = Release|Any CPU
		{EC09708E-976B-457D-9459-1EDD3B6CBDAD}.Release|Any CPU.Build.0 = Release|Any CPU
		{EC09708E-976B-457D-9459-1EDD3B6CBDAD}.Release|x64.ActiveCfg = Release|Any CPU
		{EC09708E-976B-457D-9459-1EDD3B6CBDAD}.Release|x64.Build.0 = Release|Any CPU
		{EC09708E-976B-457D-9459-1EDD3B6CBDAD}.Release|x86.ActiveCfg = Release|Any CPU
		{EC09708E-976B-457D-9459-1EDD3B6CBDAD}.Release|x86.Build.0 = Release|Any CPU
		{BBDD43CC-DC77-47C9-A029-2DE91E99588B}.Debug|Any CPU.ActiveCfg = Debug|Any CPU
		{BBDD43CC-DC77-47C9-A029-2DE91E99588B}.Debug|Any CPU.Build.0 = Debug|Any CPU
		{BBDD43CC-DC77-47C9-A029-2DE91E99588B}.Debug|x64.ActiveCfg = Debug|Any CPU
		{BBDD43CC-DC77-47C9-A029-2DE91E99588B}.Debug|x64.Build.0 = Debug|Any CPU
		{BBDD43CC-DC77-47C9-A029-2DE91E99588B}.Debug|x86.ActiveCfg = Debug|Any CPU
		{BBDD43CC-DC77-47C9-A029-2DE91E99588B}.Debug|x86.Build.0 = Debug|Any CPU
		{BBDD43CC-DC77-47C9-A029-2DE91E99588B}.Release|Any CPU.ActiveCfg = Release|Any CPU
		{BBDD43CC-DC77-47C9-A029-2DE91E99588B}.Release|Any CPU.Build.0 = Release|Any CPU
		{BBDD43CC-DC77-47C9-A029-2DE91E99588B}.Release|x64.ActiveCfg = Release|Any CPU
		{BBDD43CC-DC77-47C9-A029-2DE91E99588B}.Release|x64.Build.0 = Release|Any CPU
		{BBDD43CC-DC77-47C9-A029-2DE91E99588B}.Release|x86.ActiveCfg = Release|Any CPU
		{BBDD43CC-DC77-47C9-A029-2DE91E99588B}.Release|x86.Build.0 = Release|Any CPU
		{B5836635-DBE0-4BEE-9476-14A150C0E520}.Debug|Any CPU.ActiveCfg = Debug|Any CPU
		{B5836635-DBE0-4BEE-9476-14A150C0E520}.Debug|Any CPU.Build.0 = Debug|Any CPU
		{B5836635-DBE0-4BEE-9476-14A150C0E520}.Debug|x64.ActiveCfg = Debug|Any CPU
		{B5836635-DBE0-4BEE-9476-14A150C0E520}.Debug|x64.Build.0 = Debug|Any CPU
		{B5836635-DBE0-4BEE-9476-14A150C0E520}.Debug|x86.ActiveCfg = Debug|Any CPU
		{B5836635-DBE0-4BEE-9476-14A150C0E520}.Debug|x86.Build.0 = Debug|Any CPU
		{B5836635-DBE0-4BEE-9476-14A150C0E520}.Release|Any CPU.ActiveCfg = Release|Any CPU
		{B5836635-DBE0-4BEE-9476-14A150C0E520}.Release|Any CPU.Build.0 = Release|Any CPU
		{B5836635-DBE0-4BEE-9476-14A150C0E520}.Release|x64.ActiveCfg = Release|Any CPU
		{B5836635-DBE0-4BEE-9476-14A150C0E520}.Release|x64.Build.0 = Release|Any CPU
		{B5836635-DBE0-4BEE-9476-14A150C0E520}.Release|x86.ActiveCfg = Release|Any CPU
		{B5836635-DBE0-4BEE-9476-14A150C0E520}.Release|x86.Build.0 = Release|Any CPU
	EndGlobalSection
	GlobalSection(NestedProjects) = preSolution
		{7012E422-1C8D-4467-89E4-04F8EB4371B2} = {9DCADC97-7F6C-4679-9B2A-B46896EE4C40}
		{532934C0-C384-4195-9FF3-661EE064BDE0} = {9DCADC97-7F6C-4679-9B2A-B46896EE4C40}
		{BBDD43CC-DC77-47C9-A029-2DE91E99588B} = {9DCADC97-7F6C-4679-9B2A-B46896EE4C40}
		{B5836635-DBE0-4BEE-9476-14A150C0E520} = {9DCADC97-7F6C-4679-9B2A-B46896EE4C40}
	EndGlobalSection
EndGlobal
